ast-serialize==0.5.0
    # via mypy
colorama==0.4.6 ; sys_platform == 'win32'
    # via pytest
iniconfig==2.3.0
    # via pytest
librt==0.11.0 ; platform_python_implementation != 'PyPy'
    # via mypy
mypy==2.1.0
    # via -r requirements/requirements-dev.txt
mypy-extensions==1.1.0
    # via mypy
packaging==26.2
    # via pytest
pathspec==1.1.1
    # via mypy
pluggy==1.6.0
    # via pytest
pygments==2.20.0
    # via pytest
pytest==9.1.1
    # via -r requirements/requirements-dev.txt
ruff==0.15.20
    # via -r requirements/requirements-dev.txt
typing-extensions==4.15.0
    # via mypy
